
Microsoft Visual Studio Solution File, Format Version 12.00
# Visual Studio 15
VisualStudioVersion = 15.0.28307.902
MinimumVisualStudioVersion = 10.0.40219.1
Project("{2150E333-8FDC-42A3-9474-1A3956D46DE8}") = "Core", "Core", "{C0E64E95-FBF0-4E21-BD88-5D84E99176D4}"
EndProject
Project("{FAE04EC0-301F-11D3-BF4B-00C04F79EFBC}") = "Jastech.Framework.Comm", "src\Jastech.Framework.Comm\Jastech.Framework.Comm.csproj", "{05B26E55-9C49-4078-983A-C6B13F6EE375}"
EndProject
Project("{FAE04EC0-301F-11D3-BF4B-00C04F79EFBC}") = "Jastech.Framework.Config", "src\Jastech.Framework.Config\Jastech.Framework.Config.csproj", "{6244FA20-EDA3-45D4-85C7-50D901C5D376}"
EndProject
Project("{FAE04EC0-301F-11D3-BF4B-00C04F79EFBC}") = "Jastech.Framework.Device", "src\Jastech.Framework.Device\Jastech.Framework.Device.csproj", "{F43DDCCA-E65C-4131-B789-DB4109E91B68}"
EndProject
Project("{FAE04EC0-301F-11D3-BF4B-00C04F79EFBC}") = "Jastech.Framework.Imaging.VisionPro", "src\Jastech.Framework.Imaging.VisionPro\Jastech.Framework.Imaging.VisionPro.csproj", "{22EE7B1A-E7B2-4547-94DD-4E85BDB56956}"
EndProject
Project("{FAE04EC0-301F-11D3-BF4B-00C04F79EFBC}") = "Jastech.Framework.Matrox", "src\Jastech.Framework.Matrox\Jastech.Framework.Matrox.csproj", "{8B4B5CEF-5B39-423A-A460-A24F7FD8890E}"
EndProject
Project("{FAE04EC0-301F-11D3-BF4B-00C04F79EFBC}") = "Jastech.Framework.Structure", "src\Jastech.Framework.Structure\Jastech.Framework.Structure.csproj", "{DCFF7B48-8DF8-4ED9-9F0F-F11C2CCB7547}"
EndProject
Project("{FAE04EC0-301F-11D3-BF4B-00C04F79EFBC}") = "Jastech.Framework.Util", "src\Jastech.Framework.Util\Jastech.Framework.Util.csproj", "{07EF86CC-AC6A-454E-B12B-EB63454A1DCA}"
EndProject
Project("{FAE04EC0-301F-11D3-BF4B-00C04F79EFBC}") = "Jastech.Framework.Winform", "src\Jastech.Framework.Winform\Jastech.Framework.Winform.csproj", "{D46C7263-535A-4BF9-AD14-5183EDE0A984}"
EndProject
Project("{FAE04EC0-301F-11D3-BF4B-00C04F79EFBC}") = "Jastech.Framework.Winform.VisionPro", "src\Jastech.Framework.Winform.VisionPro\Jastech.Framework.Winform.VisionPro.csproj", "{8558B173-0E81-4C55-82B8-02417220E02C}"
EndProject
Global
	GlobalSection(SolutionConfigurationPlatforms) = preSolution
		Debug|Any CPU = Debug|Any CPU
		Debug|x64 = Debug|x64
		Debug|x86 = Debug|x86
		Release|Any CPU = Release|Any CPU
		Release|x64 = Release|x64
		Release|x86 = Release|x86
	EndGlobalSection
	GlobalSection(ProjectConfigurationPlatforms) = postSolution
		{05B26E55-9C49-4078-983A-C6B13F6EE375}.Debug|Any CPU.ActiveCfg = Debug|Any CPU
		{05B26E55-9C49-4078-983A-C6B13F6EE375}.Debug|Any CPU.Build.0 = Debug|Any CPU
		{05B26E55-9C49-4078-983A-C6B13F6EE375}.Debug|x64.ActiveCfg = Debug|x64
		{05B26E55-9C49-4078-983A-C6B13F6EE375}.Debug|x64.Build.0 = Debug|x64
		{05B26E55-9C49-4078-983A-C6B13F6EE375}.Debug|x86.ActiveCfg = Debug|x86
		{05B26E55-9C49-4078-983A-C6B13F6EE375}.Debug|x86.Build.0 = Debug|x86
		{05B26E55-9C49-4078-983A-C6B13F6EE375}.Release|Any CPU.ActiveCfg = Release|Any CPU
		{05B26E55-9C49-4078-983A-C6B13F6EE375}.Release|Any CPU.Build.0 = Release|Any CPU
		{05B26E55-9C49-4078-983A-C6B13F6EE375}.Release|x64.ActiveCfg = Release|x64
		{05B26E55-9C49-4078-983A-C6B13F6EE375}.Release|x64.Build.0 = Release|x64
		{05B26E55-9C49-4078-983A-C6B13F6EE375}.Release|x86.ActiveCfg = Release|x86
		{05B26E55-9C49-4078-983A-C6B13F6EE375}.Release|x86.Build.0 = Release|x86
		{6244FA20-EDA3-45D4-85C7-50D901C5D376}.Debug|Any CPU.ActiveCfg = Debug|Any CPU
		{6244FA20-EDA3-45D4-85C7-50D901C5D376}.Debug|Any CPU.Build.0 = Debug|Any CPU
		{6244FA20-EDA3-45D4-85C7-50D901C5D376}.Debug|x64.ActiveCfg = Debug|x64
		{6244FA20-EDA3-45D4-85C7-50D901C5D376}.Debug|x64.Build.0 = Debug|x64
		{6244FA20-EDA3-45D4-85C7-50D901C5D376}.Debug|x86.ActiveCfg = Debug|x86
		{6244FA20-EDA3-45D4-85C7-50D901C5D376}.Debug|x86.Build.0 = Debug|x86
		{6244FA20-EDA3-45D4-85C7-50D901C5D376}.Release|Any CPU.ActiveCfg = Release|Any CPU
		{6244FA20-EDA3-45D4-85C7-50D901C5D376}.Release|Any CPU.Build.0 = Release|Any CPU
		{6244FA20-EDA3-45D4-85C7-50D901C5D376}.Release|x64.ActiveCfg = Release|x64
		{6244FA20-EDA3-45D4-85C7-50D901C5D376}.Release|x64.Build.0 = Release|x64
		{6244FA20-EDA3-45D4-85C7-50D901C5D376}.Release|x86.ActiveCfg = Release|x86
		{6244FA20-EDA3-45D4-85C7-50D901C5D376}.Release|x86.Build.0 = Release|x86
		{F43DDCCA-E65C-4131-B789-DB4109E91B68}.Debug|Any CPU.ActiveCfg = Debug|Any CPU
		{F43DDCCA-E65C-4131-B789-DB4109E91B68}.Debug|Any CPU.Build.0 = Debug|Any CPU
		{F43DDCCA-E65C-4131-B789-DB4109E91B68}.Debug|x64.ActiveCfg = Debug|x64
		{F43DDCCA-E65C-4131-B789-DB4109E91B68}.Debug|x64.Build.0 = Debug|x64
		{F43DDCCA-E65C-4131-B789-DB4109E91B68}.Debug|x86.ActiveCfg = Debug|x86
		{F43DDCCA-E65C-4131-B789-DB4109E91B68}.Debug|x86.Build.0 = Debug|x86
		{F43DDCCA-E65C-4131-B789-DB4109E91B68}.Release|Any CPU.ActiveCfg = Release|Any CPU
		{F43DDCCA-E65C-4131-B789-DB4109E91B68}.Release|Any CPU.Build.0 = Release|Any CPU
		{F43DDCCA-E65C-4131-B789-DB4109E91B68}.Release|x64.ActiveCfg = Release|x64
		{F43DDCCA-E65C-4131-B789-DB4109E91B68}.Release|x64.Build.0 = Release|x64
		{F43DDCCA-E65C-4131-B789-DB4109E91B68}.Release|x86.ActiveCfg = Release|x86
		{F43DDCCA-E65C-4131-B789-DB4109E91B68}.Release|x86.Build.0 = Release|x86
		{22EE7B1A-E7B2-4547-94DD-4E85BDB56956}.Debug|Any CPU.ActiveCfg = Debug|Any CPU
		{22EE7B1A-E7B2-4547-94DD-4E85BDB56956}.Debug|Any CPU.Build.0 = Debug|Any CPU
		{22EE7B1A-E7B2-4547-94DD-4E85BDB56956}.Debug|x64.ActiveCfg = Debug|x64
		{22EE7B1A-E7B2-4547-94DD-4E85BDB56956}.Debug|x64.Build.0 = Debug|x64
		{22EE7B1A-E7B2-4547-94DD-4E85BDB56956}.Debug|x86.ActiveCfg = Debug|Any CPU
		{22EE7B1A-E7B2-4547-94DD-4E85BDB56956}.Debug|x86.Build.0 = Debug|Any CPU
		{22EE7B1A-E7B2-4547-94DD-4E85BDB56956}.Release|Any CPU.ActiveCfg = Release|Any CPU
		{22EE7B1A-E7B2-4547-94DD-4E85BDB56956}.Release|Any CPU.Build.0 = Release|Any CPU
		{22EE7B1A-E7B2-4547-94DD-4E85BDB56956}.Release|x64.ActiveCfg = Release|x64
		{22EE7B1A-E7B2-4547-94DD-4E85BDB56956}.Release|x64.Build.0 = Release|x64
		{22EE7B1A-E7B2-4547-94DD-4E85BDB56956}.Release|x86.ActiveCfg = Release|Any CPU
		{22EE7B1A-E7B2-4547-94DD-4E85BDB56956}.Release|x86.Build.0 = Release|Any CPU
		{8B4B5CEF-5B39-423A-A460-A24F7FD8890E}.Debug|Any CPU.ActiveCfg = Debug|Any CPU
		{8B4B5CEF-5B39-423A-A460-A24F7FD8890E}.Debug|Any CPU.Build.0 = Debug|Any CPU
		{8B4B5CEF-5B39-423A-A460-A24F7FD8890E}.Debug|x64.ActiveCfg = Debug|x64
		{8B4B5CEF-5B39-423A-A460-A24F7FD8890E}.Debug|x64.Build.0 = Debug|x64
		{8B4B5CEF-5B39-423A-A460-A24F7FD8890E}.Debug|x86.ActiveCfg = Debug|x86
		{8B4B5CEF-5B39-423A-A460-A24F7FD8890E}.Debug|x86.Build.0 = Debug|x86
		{8B4B5CEF-5B39-423A-A460-A24F7FD8890E}.Release|Any CPU.ActiveCfg = Release|Any CPU
		{8B4B5CEF-5B39-423A-A460-A24F7FD8890E}.Release|Any CPU.Build.0 = Release|Any CPU
		{8B4B5CEF-5B39-423A-A460-A24F7FD8890E}.Release|x64.ActiveCfg = Release|x64
		{8B4B5CEF-5B39-423A-A460-A24F7FD8890E}.Release|x64.Build.0 = Release|x64
		{8B4B5CEF-5B39-423A-A460-A24F7FD8890E}.Release|x86.ActiveCfg = Release|x86
		{8B4B5CEF-5B39-423A-A460-A24F7FD8890E}.Release|x86.Build.0 = Release|x86
		{DCFF7B48-8DF8-4ED9-9F0F-F11C2CCB7547}.Debug|Any CPU.ActiveCfg = Debug|Any CPU
		{DCFF7B48-8DF8-4ED9-9F0F-F11C2CCB7547}.Debug|Any CPU.Build.0 = Debug|Any CPU
		{DCFF7B48-8DF8-4ED9-9F0F-F11C2CCB7547}.Debug|x64.ActiveCfg = Debug|x64
		{DCFF7B48-8DF8-4ED9-9F0F-F11C2CCB7547}.Debug|x64.Build.0 = Debug|x64
		{DCFF7B48-8DF8-4ED9-9F0F-F11C2CCB7547}.Debug|x86.ActiveCfg = Debug|x86
		{DCFF7B48-8DF8-4ED9-9F0F-F11C2CCB7547}.Debug|x86.Build.0 = Debug|x86
		{DCFF7B48-8DF8-4ED9-9F0F-F11C2CCB7547}.Release|Any CPU.ActiveCfg = Release|Any CPU
		{DCFF7B48-8DF8-4ED9-9F0F-F11C2CCB7547}.Release|Any CPU.Build.0 = Release|Any CPU
		{DCFF7B48-8DF8-4ED9-9F0F-F11C2CCB7547}.Release|x64.ActiveCfg = Release|x64
		{DCFF7B48-8DF8-4ED9-9F0F-F11C2CCB7547}.Release|x64.Build.0 = Release|x64
		{DCFF7B48-8DF8-4ED9-9F0F-F11C2CCB7547}.Release|x86.ActiveCfg = Release|x86
		{DCFF7B48-8DF8-4ED9-9F0F-F11C2CCB7547}.Release|x86.Build.0 = Release|x86
		{07EF86CC-AC6A-454E-B12B-EB63454A1DCA}.Debug|Any CPU.ActiveCfg = Debug|Any CPU
		{07EF86CC-AC6A-454E-B12B-EB63454A1DCA}.Debug|Any CPU.Build.0 = Debug|Any CPU
		{07EF86CC-AC6A-454E-B12B-EB63454A1DCA}.Debug|x64.ActiveCfg = Debug|x64
		{07EF86CC-AC6A-454E-B12B-EB63454A1DCA}.Debug|x64.Build.0 = Debug|x64
		{07EF86CC-AC6A-454E-B12B-EB63454A1DCA}.Debug|x86.ActiveCfg = Debug|x86
		{07EF86CC-AC6A-454E-B12B-EB63454A1DCA}.Debug|x86.Build.0 = Debug|x86
		{07EF86CC-AC6A-454E-B12B-EB63454A1DCA}.Release|Any CPU.ActiveCfg = Release|Any CPU
		{07EF86CC-AC6A-454E-B12B-EB63454A1DCA}.Release|Any CPU.Build.0 = Release|Any CPU
		{07EF86CC-AC6A-454E-B12B-EB63454A1DCA}.Release|x64.ActiveCfg = Release|x64
		{07EF86CC-AC6A-454E-B12B-EB63454A1DCA}.Release|x64.Build.0 = Release|x64
		{07EF86CC-AC6A-454E-B12B-EB63454A1DCA}.Release|x86.ActiveCfg = Release|x86
		{07EF86CC-AC6A-454E-B12B-EB63454A1DCA}.Release|x86.Build.0 = Release|x86
		{D46C7263-535A-4BF9-AD14-5183EDE0A984}.Debug|Any CPU.ActiveCfg = Debug|Any CPU
		{D46C7263-535A-4BF9-AD14-5183EDE0A984}.Debug|Any CPU.Build.0 = Debug|Any CPU
		{D46C7263-535A-4BF9-AD14-5183EDE0A984}.Debug|x64.ActiveCfg = Debug|x64
		{D46C7263-535A-4BF9-AD14-5183EDE0A984}.Debug|x64.Build.0 = Debug|x64
		{D46C7263-535A-4BF9-AD14-5183EDE0A984}.Debug|x86.ActiveCfg = Debug|Any CPU
		{D46C7263-535A-4BF9-AD14-5183EDE0A984}.Debug|x86.Build.0 = Debug|Any CPU
		{D46C7263-535A-4BF9-AD14-5183EDE0A984}.Release|Any CPU.ActiveCfg = Release|Any CPU
		{D46C7263-535A-4BF9-AD14-5183EDE0A984}.Release|Any CPU.Build.0 = Release|Any CPU
		{D46C7263-535A-4BF9-AD14-5183EDE0A984}.Release|x64.ActiveCfg = Release|x64
		{D46C7263-535A-4BF9-AD14-5183EDE0A984}.Release|x64.Build.0 = Release|x64
		{D46C7263-535A-4BF9-AD14-5183EDE0A984}.Release|x86.ActiveCfg = Release|Any CPU
		{D46C7263-535A-4BF9-AD14-5183EDE0A984}.Release|x86.Build.0 = Release|Any CPU
		{8558B173-0E81-4C55-82B8-02417220E02C}.Debug|Any CPU.ActiveCfg = Debug|Any CPU
		{8558B173-0E81-4C55-82B8-02417220E02C}.Debug|Any CPU.Build.0 = Debug|Any CPU
		{8558B173-0E81-4C55-82B8-02417220E02C}.Debug|x64.ActiveCfg = Debug|x64
		{8558B173-0E81-4C55-82B8-02417220E02C}.Debug|x64.Build.0 = Debug|x64
		{8558B173-0E81-4C55-82B8-02417220E02C}.Debug|x86.ActiveCfg = Debug|Any CPU
		{8558B173-0E81-4C55-82B8-02417220E02C}.Debug|x86.Build.0 = Debug|Any CPU
		{8558B173-0E81-4C55-82B8-02417220E02C}.Release|Any CPU.ActiveCfg = Release|Any CPU
		{8558B173-0E81-4C55-82B8-02417220E02C}.Release|Any CPU.Build.0 = Release|Any CPU
		{8558B173-0E81-4C55-82B8-02417220E02C}.Release|x64.ActiveCfg = Release|x64
		{8558B173-0E81-4C55-82B8-02417220E02C}.Release|x64.Build.0 = Release|x64
		{8558B173-0E81-4C55-82B8-02417220E02C}.Release|x86.ActiveCfg = Release|Any CPU
		{8558B173-0E81-4C55-82B8-02417220E02C}.Release|x86.Build.0 = Release|Any CPU
	EndGlobalSection
	GlobalSection(SolutionProperties) = preSolution
		HideSolutionNode = FALSE
	EndGlobalSection
	GlobalSection(NestedProjects) = preSolution
		{05B26E55-9C49-4078-983A-C6B13F6EE375} = {C0E64E95-FBF0-4E21-BD88-5D84E99176D4}
		{6244FA20-EDA3-45D4-85C7-50D901C5D376} = {C0E64E95-FBF0-4E21-BD88-5D84E99176D4}
		{F43DDCCA-E65C-4131-B789-DB4109E91B68} = {C0E64E95-FBF0-4E21-BD88-5D84E99176D4}
		{22EE7B1A-E7B2-4547-94DD-4E85BDB56956} = {C0E64E95-FBF0-4E21-BD88-5D84E99176D4}
		{8B4B5CEF-5B39-423A-A460-A24F7FD8890E} = {C0E64E95-FBF0-4E21-BD88-5D84E99176D4}
		{DCFF7B48-8DF8-4ED9-9F0F-F11C2CCB7547} = {C0E64E95-FBF0-4E21-BD88-5D84E99176D4}
		{07EF86CC-AC6A-454E-B12B-EB63454A1DCA} = {C0E64E95-FBF0-4E21-BD88-5D84E99176D4}
		{D46C7263-535A-4BF9-AD14-5183EDE0A984} = {C0E64E95-FBF0-4E21-BD88-5D84E99176D4}
		{8558B173-0E81-4C55-82B8-02417220E02C} = {C0E64E95-FBF0-4E21-BD88-5D84E99176D4}
	EndGlobalSection
	GlobalSection(ExtensibilityGlobals) = postSolution
		SolutionGuid = {5197C758-5C7E-4B39-887B-FE6A9CC342A7}
	EndGlobalSection
EndGlobal
